
Microsoft Visual Studio Solution File, Format Version 12.00
Project("{FAE04EC0-301F-11D3-BF4B-00C04F79EFBC}") = "NTStrategies", "NTStrategies.csproj", "{C07350CA-A571-4601-B3E2-3233473F1828}"
EndProject
Global
	GlobalSection(SolutionConfigurationPlatforms) = preSolution
		Debug|Any CPU = Debug|Any CPU
		Release|Any CPU = Release|Any CPU
	EndGlobalSection
	GlobalSection(ProjectConfigurationPlatforms) = postSolution
		{C07350CA-A571-4601-B3E2-3233473F1828}.Debug|Any CPU.ActiveCfg = Debug|Any CPU
		{C07350CA-A571-4601-B3E2-3233473F1828}.Debug|Any CPU.Build.0 = Debug|Any CPU
		{C07350CA-A571-4601-B3E2-3233473F1828}.Release|Any CPU.ActiveCfg = Release|Any CPU
		{C07350CA-A571-4601-B3E2-3233473F1828}.Release|Any CPU.Build.0 = Release|Any CPU
	EndGlobalSection
EndGlobal
